
Microsoft Visual Studio Solution File, Format Version 12.00
# Visual Studio 15
VisualStudioVersion = 15.0.26403.7
MinimumVisualStudioVersion = 10.0.40219.1
Project("{2150E333-8FDC-42A3-9474-1A3956D46DE8}") = "src", "src", "{37E36B03-F04E-49F5-982E-9FC0F86E9213}"
EndProject
Project("{2150E333-8FDC-42A3-9474-1A3956D46DE8}") = "Solution Items", "Solution Items", "{0D844C66-96F0-45D5-8AAB-A5FED91EE176}"
EndProject
Project("{2150E333-8FDC-42A3-9474-1A3956D46DE8}") = "samples", "samples", "{5A045F8B-7EFE-4723-8EB7-79A1A6C30886}"
EndProject
Project("{9A19103F-16F7-4668-BE54-9A1E7A4F7556}") = "TextTemplating", "src\TextTemplating\TextTemplating.csproj", "{9D28691F-7810-4B35-A395-BBF2C8AFA0CD}"
EndProject
Project("{8BB2217D-0F2D-49D1-97BC-3654ED321F3B}") = "BuildTimeSample", "samples\BuildTimeSample\BuildTimeSample.xproj", "{287DDB45-18B8-4C4E-9850-59611273D556}"
EndProject
Project("{9A19103F-16F7-4668-BE54-9A1E7A4F7556}") = "DesignTimeSample", "samples\DesignTimeSample\DesignTimeSample.csproj", "{52ADFC3E-1BA8-4611-97C7-0F8D130968E5}"
EndProject
Project("{9A19103F-16F7-4668-BE54-9A1E7A4F7556}") = "RuntimeTemplateSample", "samples\RuntimeTemplateSample\RuntimeTemplateSample.csproj", "{9D60ACE8-F1DD-4D82-B3A6-4C605DD82A05}"
EndProject
Project("{9A19103F-16F7-4668-BE54-9A1E7A4F7556}") = "ServiceSample", "samples\ServiceSample\ServiceSample.csproj", "{DF2B53F6-A7B6-4295-B201-21A578CE87B8}"
EndProject
Global
	GlobalSection(SolutionConfigurationPlatforms) = preSolution
		Debug|Any CPU = Debug|Any CPU
		Release|Any CPU = Release|Any CPU
	EndGlobalSection
	GlobalSection(ProjectConfigurationPlatforms) = postSolution
		{9D28691F-7810-4B35-A395-BBF2C8AFA0CD}.Debug|Any CPU.ActiveCfg = Debug|Any CPU
		{9D28691F-7810-4B35-A395-BBF2C8AFA0CD}.Debug|Any CPU.Build.0 = Debug|Any CPU
		{9D28691F-7810-4B35-A395-BBF2C8AFA0CD}.Release|Any CPU.ActiveCfg = Release|Any CPU
		{9D28691F-7810-4B35-A395-BBF2C8AFA0CD}.Release|Any CPU.Build.0 = Release|Any CPU
		{287DDB45-18B8-4C4E-9850-59611273D556}.Debug|Any CPU.ActiveCfg = Debug|Any CPU
		{287DDB45-18B8-4C4E-9850-59611273D556}.Debug|Any CPU.Build.0 = Debug|Any CPU
		{287DDB45-18B8-4C4E-9850-59611273D556}.Release|Any CPU.ActiveCfg = Release|Any CPU
		{287DDB45-18B8-4C4E-9850-59611273D556}.Release|Any CPU.Build.0 = Release|Any CPU
		{52ADFC3E-1BA8-4611-97C7-0F8D130968E5}.Debug|Any CPU.ActiveCfg = Debug|Any CPU
		{52ADFC3E-1BA8-4611-97C7-0F8D130968E5}.Debug|Any CPU.Build.0 = Debug|Any CPU
		{52ADFC3E-1BA8-4611-97C7-0F8D130968E5}.Release|Any CPU.ActiveCfg = Release|Any CPU
		{52ADFC3E-1BA8-4611-97C7-0F8D130968E5}.Release|Any CPU.Build.0 = Release|Any CPU
		{9D60ACE8-F1DD-4D82-B3A6-4C605DD82A05}.Debug|Any CPU.ActiveCfg = Debug|Any CPU
		{9D60ACE8-F1DD-4D82-B3A6-4C605DD82A05}.Debug|Any CPU.Build.0 = Debug|Any CPU
		{9D60ACE8-F1DD-4D82-B3A6-4C605DD82A05}.Release|Any CPU.ActiveCfg = Release|Any CPU
		{9D60ACE8-F1DD-4D82-B3A6-4C605DD82A05}.Release|Any CPU.Build.0 = Release|Any CPU
		{DF2B53F6-A7B6-4295-B201-21A578CE87B8}.Debug|Any CPU.ActiveCfg = Debug|Any CPU
		{DF2B53F6-A7B6-4295-B201-21A578CE87B8}.Debug|Any CPU.Build.0 = Debug|Any CPU
		{DF2B53F6-A7B6-4295-B201-21A578CE87B8}.Release|Any CPU.ActiveCfg = Release|Any CPU
		{DF2B53F6-A7B6-4295-B201-21A578CE87B8}.Release|Any CPU.Build.0 = Release|Any CPU
	EndGlobalSection
	GlobalSection(SolutionProperties) = preSolution
		HideSolutionNode = FALSE
	EndGlobalSection
	GlobalSection(NestedProjects) = preSolution
		{9D28691F-7810-4B35-A395-BBF2C8AFA0CD} = {37E36B03-F04E-49F5-982E-9FC0F86E9213}
		{287DDB45-18B8-4C4E-9850-59611273D556} = {5A045F8B-7EFE-4723-8EB7-79A1A6C30886}
		{52ADFC3E-1BA8-4611-97C7-0F8D130968E5} = {5A045F8B-7EFE-4723-8EB7-79A1A6C30886}
		{9D60ACE8-F1DD-4D82-B3A6-4C605DD82A05} = {5A045F8B-7EFE-4723-8EB7-79A1A6C30886}
		{DF2B53F6-A7B6-4295-B201-21A578CE87B8} = {5A045F8B-7EFE-4723-8EB7-79A1A6C30886}
	EndGlobalSection
EndGlobal
